
Microsoft Visual Studio Solution File, Format Version 12.00
Project("{FAE04EC0-301F-11D3-BF4B-00C04F79EFBC}") = "AxFlow", "AxFlow\AxFlow.csproj", "{C6D1279E-9A0D-42C2-9253-19E65FF57F3B}"
EndProject
Project("{FAE04EC0-301F-11D3-BF4B-00C04F79EFBC}") = "TestAxFlow", "TestAxFlow\TestAxFlow.csproj", "{8D23CFD1-4426-4098-9429-A3C48AD42A87}"
EndProject
Global
	GlobalSection(SolutionConfigurationPlatforms) = preSolution
		Debug|Any CPU = Debug|Any CPU
		Release|Any CPU = Release|Any CPU
	EndGlobalSection
	GlobalSection(ProjectConfigurationPlatforms) = postSolution
		{C6D1279E-9A0D-42C2-9253-19E65FF57F3B}.Debug|Any CPU.ActiveCfg = Debug|Any CPU
		{C6D1279E-9A0D-42C2-9253-19E65FF57F3B}.Debug|Any CPU.Build.0 = Debug|Any CPU
		{C6D1279E-9A0D-42C2-9253-19E65FF57F3B}.Release|Any CPU.ActiveCfg = Release|Any CPU
		{C6D1279E-9A0D-42C2-9253-19E65FF57F3B}.Release|Any CPU.Build.0 = Release|Any CPU
		{8D23CFD1-4426-4098-9429-A3C48AD42A87}.Debug|Any CPU.ActiveCfg = Debug|Any CPU
		{8D23CFD1-4426-4098-9429-A3C48AD42A87}.Debug|Any CPU.Build.0 = Debug|Any CPU
		{8D23CFD1-4426-4098-9429-A3C48AD42A87}.Release|Any CPU.ActiveCfg = Release|Any CPU
		{8D23CFD1-4426-4098-9429-A3C48AD42A87}.Release|Any CPU.Build.0 = Release|Any CPU
	EndGlobalSection
EndGlobal
